// !$*UTF8*$!
{
	archiveVersion = 1;
	classes = {
	};
	objectVersion = 56;
	objects = {

/* Begin PBXBuildFile section */
		460574032C9310D300C99EB0 /* MainMessagesViewModel.swift in Sources */ = {isa = PBXBuildFile; fileRef = 460574022C9310D300C99EB0 /* MainMessagesViewModel.swift */; };
		460574072C93111F00C99EB0 /* FirebaseAuth in Frameworks */ = {isa = PBXBuildFile; productRef = 460574062C93111F00C99EB0 /* FirebaseAuth */; };
		460574092C93112A00C99EB0 /* FirebaseFirestore in Frameworks */ = {isa = PBXBuildFile; productRef = 460574082C93112A00C99EB0 /* FirebaseFirestore */; };
		4605740B2C93113900C99EB0 /* FirebaseStorage in Frameworks */ = {isa = PBXBuildFile; productRef = 4605740A2C93113900C99EB0 /* FirebaseStorage */; };
		4605740E2C9313DB00C99EB0 /* ChatUser.swift in Sources */ = {isa = PBXBuildFile; fileRef = 4605740D2C9313DB00C99EB0 /* ChatUser.swift */; };
		462E6D022C984956004DB1B2 /* ChatViewModel.swift in Sources */ = {isa = PBXBuildFile; fileRef = 462E6D012C984956004DB1B2 /* ChatViewModel.swift */; };
		464108D22C9ADFA800A0AE9E /* ChatMessage.swift in Sources */ = {isa = PBXBuildFile; fileRef = 464108D12C9ADFA800A0AE9E /* ChatMessage.swift */; };
		464108D42C9AE03B00A0AE9E /* FirebaseConstants.swift in Sources */ = {isa = PBXBuildFile; fileRef = 464108D32C9AE03B00A0AE9E /* FirebaseConstants.swift */; };
		464108D62C9AF61C00A0AE9E /* MessageView.swift in Sources */ = {isa = PBXBuildFile; fileRef = 464108D52C9AF61C00A0AE9E /* MessageView.swift */; };
		4647133D2C94EFEC003FA828 /* RootView.swift in Sources */ = {isa = PBXBuildFile; fileRef = 4647133C2C94EFEC003FA828 /* RootView.swift */; };
		4669908E2C9DDFD6007C71AF /* RecentMessage.swift in Sources */ = {isa = PBXBuildFile; fileRef = 4669908D2C9DDFD6007C71AF /* RecentMessage.swift */; };
		46A40D5D2C88743F0033E6E3 /* LocaleApp.swift in Sources */ = {isa = PBXBuildFile; fileRef = 46A40D5C2C88743F0033E6E3 /* LocaleApp.swift */; };
		46A40D612C8874400033E6E3 /* Assets.xcassets in Resources */ = {isa = PBXBuildFile; fileRef = 46A40D602C8874400033E6E3 /* Assets.xcassets */; };
		46A40D642C8874400033E6E3 /* Preview Assets.xcassets in Resources */ = {isa = PBXBuildFile; fileRef = 46A40D632C8874400033E6E3 /* Preview Assets.xcassets */; };
		46A40D6E2C8874400033E6E3 /* LocaleTests.swift in Sources */ = {isa = PBXBuildFile; fileRef = 46A40D6D2C8874400033E6E3 /* LocaleTests.swift */; };
		46A40D782C8874400033E6E3 /* LocaleUITests.swift in Sources */ = {isa = PBXBuildFile; fileRef = 46A40D772C8874400033E6E3 /* LocaleUITests.swift */; };
		46A40D7A2C8874400033E6E3 /* LocaleUITestsLaunchTests.swift in Sources */ = {isa = PBXBuildFile; fileRef = 46A40D792C8874400033E6E3 /* LocaleUITestsLaunchTests.swift */; };
		46C186712C91ADC300D07114 /* MainMessagesView.swift in Sources */ = {isa = PBXBuildFile; fileRef = 46C186702C91ADC300D07114 /* MainMessagesView.swift */; };
		46C186732C91B6ED00D07114 /* HomeView.swift in Sources */ = {isa = PBXBuildFile; fileRef = 46C186722C91B6ED00D07114 /* HomeView.swift */; };
		46CDF76D2C9753750059E5CC /* CreateNewMessageView.swift in Sources */ = {isa = PBXBuildFile; fileRef = 46CDF76C2C9753750059E5CC /* CreateNewMessageView.swift */; };
		46CDF76F2C9755500059E5CC /* NewMessageViewModel.swift in Sources */ = {isa = PBXBuildFile; fileRef = 46CDF76E2C9755500059E5CC /* NewMessageViewModel.swift */; };
		46CDF7712C97855A0059E5CC /* ChatView.swift in Sources */ = {isa = PBXBuildFile; fileRef = 46CDF7702C97855A0059E5CC /* ChatView.swift */; };
		46F48D8A2C944C6E00D45137 /* GoogleService-Info.plist in Resources */ = {isa = PBXBuildFile; fileRef = 46F48D892C944C6E00D45137 /* GoogleService-Info.plist */; };
		46F48D8E2C945FFC00D45137 /* AuthViewModel.swift in Sources */ = {isa = PBXBuildFile; fileRef = 46F48D8D2C945FFC00D45137 /* AuthViewModel.swift */; };
		46F48D912C94682C00D45137 /* LoginView.swift in Sources */ = {isa = PBXBuildFile; fileRef = 46F48D902C94682C00D45137 /* LoginView.swift */; };
		46F48D932C94684100D45137 /* CreateAccountView.swift in Sources */ = {isa = PBXBuildFile; fileRef = 46F48D922C94684100D45137 /* CreateAccountView.swift */; };
		46F48D952C947C3D00D45137 /* InputView.swift in Sources */ = {isa = PBXBuildFile; fileRef = 46F48D942C947C3D00D45137 /* InputView.swift */; };
		46FCFABC2C964114004B3B3A /* FirebaseService.swift in Sources */ = {isa = PBXBuildFile; fileRef = 46FCFABB2C964114004B3B3A /* FirebaseService.swift */; };
/* End PBXBuildFile section */

/* Begin PBXContainerItemProxy section */
		46A40D6A2C8874400033E6E3 /* PBXContainerItemProxy */ = {
			isa = PBXContainerItemProxy;
			containerPortal = 46A40D512C88743F0033E6E3 /* Project object */;
			proxyType = 1;
			remoteGlobalIDString = 46A40D582C88743F0033E6E3;
			remoteInfo = Locale;
		};
		46A40D742C8874400033E6E3 /* PBXContainerItemProxy */ = {
			isa = PBXContainerItemProxy;
			containerPortal = 46A40D512C88743F0033E6E3 /* Project object */;
			proxyType = 1;
			remoteGlobalIDString = 46A40D582C88743F0033E6E3;
			remoteInfo = Locale;
		};
/* End PBXContainerItemProxy section */

/* Begin PBXFileReference section */
		460574022C9310D300C99EB0 /* MainMessagesViewModel.swift */ = {isa = PBXFileReference; lastKnownFileType = sourcecode.swift; path = MainMessagesViewModel.swift; sourceTree = "<group>"; };
		4605740D2C9313DB00C99EB0 /* ChatUser.swift */ = {isa = PBXFileReference; lastKnownFileType = sourcecode.swift; path = ChatUser.swift; sourceTree = "<group>"; };
		462E6D012C984956004DB1B2 /* ChatViewModel.swift */ = {isa = PBXFileReference; lastKnownFileType = sourcecode.swift; path = ChatViewModel.swift; sourceTree = "<group>"; };
		464108D12C9ADFA800A0AE9E /* ChatMessage.swift */ = {isa = PBXFileReference; lastKnownFileType = sourcecode.swift; path = ChatMessage.swift; sourceTree = "<group>"; };
		464108D32C9AE03B00A0AE9E /* FirebaseConstants.swift */ = {isa = PBXFileReference; lastKnownFileType = sourcecode.swift; path = FirebaseConstants.swift; sourceTree = "<group>"; };
		464108D52C9AF61C00A0AE9E /* MessageView.swift */ = {isa = PBXFileReference; lastKnownFileType = sourcecode.swift; path = MessageView.swift; sourceTree = "<group>"; };
		4647133C2C94EFEC003FA828 /* RootView.swift */ = {isa = PBXFileReference; lastKnownFileType = sourcecode.swift; path = RootView.swift; sourceTree = "<group>"; };
		4669908D2C9DDFD6007C71AF /* RecentMessage.swift */ = {isa = PBXFileReference; lastKnownFileType = sourcecode.swift; path = RecentMessage.swift; sourceTree = "<group>"; };
		46A40D592C88743F0033E6E3 /* Locale.app */ = {isa = PBXFileReference; explicitFileType = wrapper.application; includeInIndex = 0; path = Locale.app; sourceTree = BUILT_PRODUCTS_DIR; };
		46A40D5C2C88743F0033E6E3 /* LocaleApp.swift */ = {isa = PBXFileReference; lastKnownFileType = sourcecode.swift; path = LocaleApp.swift; sourceTree = "<group>"; };
		46A40D602C8874400033E6E3 /* Assets.xcassets */ = {isa = PBXFileReference; lastKnownFileType = folder.assetcatalog; path = Assets.xcassets; sourceTree = "<group>"; };
		46A40D632C8874400033E6E3 /* Preview Assets.xcassets */ = {isa = PBXFileReference; lastKnownFileType = folder.assetcatalog; path = "Preview Assets.xcassets"; sourceTree = "<group>"; };
		46A40D692C8874400033E6E3 /* LocaleTests.xctest */ = {isa = PBXFileReference; explicitFileType = wrapper.cfbundle; includeInIndex = 0; path = LocaleTests.xctest; sourceTree = BUILT_PRODUCTS_DIR; };
		46A40D6D2C8874400033E6E3 /* LocaleTests.swift */ = {isa = PBXFileReference; lastKnownFileType = sourcecode.swift; path = LocaleTests.swift; sourceTree = "<group>"; };
		46A40D732C8874400033E6E3 /* LocaleUITests.xctest */ = {isa = PBXFileReference; explicitFileType = wrapper.cfbundle; includeInIndex = 0; path = LocaleUITests.xctest; sourceTree = BUILT_PRODUCTS_DIR; };
		46A40D772C8874400033E6E3 /* LocaleUITests.swift */ = {isa = PBXFileReference; lastKnownFileType = sourcecode.swift; path = LocaleUITests.swift; sourceTree = "<group>"; };
		46A40D792C8874400033E6E3 /* LocaleUITestsLaunchTests.swift */ = {isa = PBXFileReference; lastKnownFileType = sourcecode.swift; path = LocaleUITestsLaunchTests.swift; sourceTree = "<group>"; };
		46C186702C91ADC300D07114 /* MainMessagesView.swift */ = {isa = PBXFileReference; lastKnownFileType = sourcecode.swift; path = MainMessagesView.swift; sourceTree = "<group>"; };
		46C186722C91B6ED00D07114 /* HomeView.swift */ = {isa = PBXFileReference; lastKnownFileType = sourcecode.swift; path = HomeView.swift; sourceTree = "<group>"; };
		46CDF76C2C9753750059E5CC /* CreateNewMessageView.swift */ = {isa = PBXFileReference; lastKnownFileType = sourcecode.swift; path = CreateNewMessageView.swift; sourceTree = "<group>"; };
		46CDF76E2C9755500059E5CC /* NewMessageViewModel.swift */ = {isa = PBXFileReference; lastKnownFileType = sourcecode.swift; path = NewMessageViewModel.swift; sourceTree = "<group>"; };
		46CDF7702C97855A0059E5CC /* ChatView.swift */ = {isa = PBXFileReference; lastKnownFileType = sourcecode.swift; path = ChatView.swift; sourceTree = "<group>"; };
		46F48D892C944C6E00D45137 /* GoogleService-Info.plist */ = {isa = PBXFileReference; fileEncoding = 4; lastKnownFileType = text.plist.xml; path = "GoogleService-Info.plist"; sourceTree = "<group>"; };
		46F48D8D2C945FFC00D45137 /* AuthViewModel.swift */ = {isa = PBXFileReference; lastKnownFileType = sourcecode.swift; path = AuthViewModel.swift; sourceTree = "<group>"; };
		46F48D902C94682C00D45137 /* LoginView.swift */ = {isa = PBXFileReference; lastKnownFileType = sourcecode.swift; path = LoginView.swift; sourceTree = "<group>"; };
		46F48D922C94684100D45137 /* CreateAccountView.swift */ = {isa = PBXFileReference; lastKnownFileType = sourcecode.swift; path = CreateAccountView.swift; sourceTree = "<group>"; };
		46F48D942C947C3D00D45137 /* InputView.swift */ = {isa = PBXFileReference; lastKnownFileType = sourcecode.swift; path = InputView.swift; sourceTree = "<group>"; };
		46FCFABB2C964114004B3B3A /* FirebaseService.swift */ = {isa = PBXFileReference; lastKnownFileType = sourcecode.swift; path = FirebaseService.swift; sourceTree = "<group>"; };
/* End PBXFileReference section */

/* Begin PBXFrameworksBuildPhase section */
		46A40D562C88743F0033E6E3 /* Frameworks */ = {
			isa = PBXFrameworksBuildPhase;
			buildActionMask = 2147483647;
			files = (
				460574072C93111F00C99EB0 /* FirebaseAuth in Frameworks */,
				460574092C93112A00C99EB0 /* FirebaseFirestore in Frameworks */,
				4605740B2C93113900C99EB0 /* FirebaseStorage in Frameworks */,
			);
			runOnlyForDeploymentPostprocessing = 0;
		};
		46A40D662C8874400033E6E3 /* Frameworks */ = {
			isa = PBXFrameworksBuildPhase;
			buildActionMask = 2147483647;
			files = (
			);
			runOnlyForDeploymentPostprocessing = 0;
		};
		46A40D702C8874400033E6E3 /* Frameworks */ = {
			isa = PBXFrameworksBuildPhase;
			buildActionMask = 2147483647;
			files = (
			);
			runOnlyForDeploymentPostprocessing = 0;
		};
/* End PBXFrameworksBuildPhase section */

/* Begin PBXGroup section */
		460574012C930EFD00C99EB0 /* ViewModel */ = {
			isa = PBXGroup;
			children = (
				462E6D012C984956004DB1B2 /* ChatViewModel.swift */,
				460574022C9310D300C99EB0 /* MainMessagesViewModel.swift */,
				46CDF76E2C9755500059E5CC /* NewMessageViewModel.swift */,
			);
			path = ViewModel;
			sourceTree = "<group>";
		};
		460574052C93111F00C99EB0 /* Frameworks */ = {
			isa = PBXGroup;
			children = (
			);
			name = Frameworks;
			sourceTree = "<group>";
		};
		4605740C2C9313CC00C99EB0 /* Chat */ = {
			isa = PBXGroup;
			children = (
				4605740D2C9313DB00C99EB0 /* ChatUser.swift */,
				464108D12C9ADFA800A0AE9E /* ChatMessage.swift */,
				4669908D2C9DDFD6007C71AF /* RecentMessage.swift */,
			);
			path = Chat;
			sourceTree = "<group>";
		};
		464108D72C9AF62500A0AE9E /* Cells */ = {
			isa = PBXGroup;
			children = (
				464108D52C9AF61C00A0AE9E /* MessageView.swift */,
			);
			path = Cells;
			sourceTree = "<group>";
		};
		46A40D502C88743F0033E6E3 = {
			isa = PBXGroup;
			children = (
				46A40D8B2C8874850033E6E3 /* App */,
				46A40D8A2C8874770033E6E3 /* Extensions */,
				46A40D892C88746A0033E6E3 /* Utilities */,
				46A40D882C8874640033E6E3 /* Models */,
				46A40D872C8874590033E6E3 /* Subviews */,
				46A40D862C88744E0033E6E3 /* Core */,
				46A40D5B2C88743F0033E6E3 /* Locale */,
				46A40D6C2C8874400033E6E3 /* LocaleTests */,
				46A40D762C8874400033E6E3 /* LocaleUITests */,
				46A40D5A2C88743F0033E6E3 /* Products */,
				460574052C93111F00C99EB0 /* Frameworks */,
			);
			sourceTree = "<group>";
		};
		46A40D5A2C88743F0033E6E3 /* Products */ = {
			isa = PBXGroup;
			children = (
				46A40D592C88743F0033E6E3 /* Locale.app */,
				46A40D692C8874400033E6E3 /* LocaleTests.xctest */,
				46A40D732C8874400033E6E3 /* LocaleUITests.xctest */,
			);
			name = Products;
			sourceTree = "<group>";
		};
		46A40D5B2C88743F0033E6E3 /* Locale */ = {
			isa = PBXGroup;
			children = (
				46A40D602C8874400033E6E3 /* Assets.xcassets */,
				46A40D622C8874400033E6E3 /* Preview Content */,
			);
			path = Locale;
			sourceTree = "<group>";
		};
		46A40D622C8874400033E6E3 /* Preview Content */ = {
			isa = PBXGroup;
			children = (
				46A40D632C8874400033E6E3 /* Preview Assets.xcassets */,
			);
			path = "Preview Content";
			sourceTree = "<group>";
		};
		46A40D6C2C8874400033E6E3 /* LocaleTests */ = {
			isa = PBXGroup;
			children = (
				46A40D6D2C8874400033E6E3 /* LocaleTests.swift */,
			);
			path = LocaleTests;
			sourceTree = "<group>";
		};
		46A40D762C8874400033E6E3 /* LocaleUITests */ = {
			isa = PBXGroup;
			children = (
				46A40D772C8874400033E6E3 /* LocaleUITests.swift */,
				46A40D792C8874400033E6E3 /* LocaleUITestsLaunchTests.swift */,
			);
			path = LocaleUITests;
			sourceTree = "<group>";
		};
		46A40D862C88744E0033E6E3 /* Core */ = {
			isa = PBXGroup;
			children = (
				46C186722C91B6ED00D07114 /* HomeView.swift */,
				46F48D8B2C945F3400D45137 /* Authentication */,
				46C1866F2C91ADA300D07114 /* Messenger */,
			);
			path = Core;
			sourceTree = "<group>";
		};
		46A40D872C8874590033E6E3 /* Subviews */ = {
			isa = PBXGroup;
			children = (
				46F48D942C947C3D00D45137 /* InputView.swift */,
				464108D72C9AF62500A0AE9E /* Cells */,
			);
			path = Subviews;
			sourceTree = "<group>";
		};
		46A40D882C8874640033E6E3 /* Models */ = {
			isa = PBXGroup;
			children = (
				4605740C2C9313CC00C99EB0 /* Chat */,
			);
			path = Models;
			sourceTree = "<group>";
		};
		46A40D892C88746A0033E6E3 /* Utilities */ = {
			isa = PBXGroup;
			children = (
				46FCFABB2C964114004B3B3A /* FirebaseService.swift */,
			);
			path = Utilities;
			sourceTree = "<group>";
		};
		46A40D8A2C8874770033E6E3 /* Extensions */ = {
			isa = PBXGroup;
			children = (
				464108D32C9AE03B00A0AE9E /* FirebaseConstants.swift */,
			);
			path = Extensions;
			sourceTree = "<group>";
		};
		46A40D8B2C8874850033E6E3 /* App */ = {
			isa = PBXGroup;
			children = (
				46F48D892C944C6E00D45137 /* GoogleService-Info.plist */,
				46A40D5C2C88743F0033E6E3 /* LocaleApp.swift */,
			);
			path = App;
			sourceTree = "<group>";
		};
		46C1866F2C91ADA300D07114 /* Messenger */ = {
			isa = PBXGroup;
			children = (
				46CDF7702C97855A0059E5CC /* ChatView.swift */,
				46CDF76C2C9753750059E5CC /* CreateNewMessageView.swift */,
				46C186702C91ADC300D07114 /* MainMessagesView.swift */,
				460574012C930EFD00C99EB0 /* ViewModel */,
			);
			path = Messenger;
			sourceTree = "<group>";
		};
		46F48D8B2C945F3400D45137 /* Authentication */ = {
			isa = PBXGroup;
			children = (
				46F48D922C94684100D45137 /* CreateAccountView.swift */,
				46F48D902C94682C00D45137 /* LoginView.swift */,
				4647133C2C94EFEC003FA828 /* RootView.swift */,
				46F48D8F2C9467E800D45137 /* ViewModel */,
			);
			path = Authentication;
			sourceTree = "<group>";
		};
		46F48D8F2C9467E800D45137 /* ViewModel */ = {
			isa = PBXGroup;
			children = (
				46F48D8D2C945FFC00D45137 /* AuthViewModel.swift */,
			);
			path = ViewModel;
			sourceTree = "<group>";
		};
/* End PBXGroup section */

/* Begin PBXNativeTarget section */
		46A40D582C88743F0033E6E3 /* Locale */ = {
			isa = PBXNativeTarget;
			buildConfigurationList = 46A40D7D2C8874400033E6E3 /* Build configuration list for PBXNativeTarget "Locale" */;
			buildPhases = (
				46A40D552C88743F0033E6E3 /* Sources */,
				46A40D562C88743F0033E6E3 /* Frameworks */,
				46A40D572C88743F0033E6E3 /* Resources */,
			);
			buildRules = (
			);
			dependencies = (
			);
			name = Locale;
			packageProductDependencies = (
				460574062C93111F00C99EB0 /* FirebaseAuth */,
				460574082C93112A00C99EB0 /* FirebaseFirestore */,
				4605740A2C93113900C99EB0 /* FirebaseStorage */,
			);
			productName = Locale;
			productReference = 46A40D592C88743F0033E6E3 /* Locale.app */;
			productType = "com.apple.product-type.application";
		};
		46A40D682C8874400033E6E3 /* LocaleTests */ = {
			isa = PBXNativeTarget;
			buildConfigurationList = 46A40D802C8874400033E6E3 /* Build configuration list for PBXNativeTarget "LocaleTests" */;
			buildPhases = (
				46A40D652C8874400033E6E3 /* Sources */,
				46A40D662C8874400033E6E3 /* Frameworks */,
				46A40D672C8874400033E6E3 /* Resources */,
			);
			buildRules = (
			);
			dependencies = (
				46A40D6B2C8874400033E6E3 /* PBXTargetDependency */,
			);
			name = LocaleTests;
			productName = LocaleTests;
			productReference = 46A40D692C8874400033E6E3 /* LocaleTests.xctest */;
			productType = "com.apple.product-type.bundle.unit-test";
		};
		46A40D722C8874400033E6E3 /* LocaleUITests */ = {
			isa = PBXNativeTarget;
			buildConfigurationList = 46A40D832C8874400033E6E3 /* Build configuration list for PBXNativeTarget "LocaleUITests" */;
			buildPhases = (
				46A40D6F2C8874400033E6E3 /* Sources */,
				46A40D702C8874400033E6E3 /* Frameworks */,
				46A40D712C8874400033E6E3 /* Resources */,
			);
			buildRules = (
			);
			dependencies = (
				46A40D752C8874400033E6E3 /* PBXTargetDependency */,
			);
			name = LocaleUITests;
			productName = LocaleUITests;
			productReference = 46A40D732C8874400033E6E3 /* LocaleUITests.xctest */;
			productType = "com.apple.product-type.bundle.ui-testing";
		};
/* End PBXNativeTarget section */

/* Begin PBXProject section */
		46A40D512C88743F0033E6E3 /* Project object */ = {
			isa = PBXProject;
			attributes = {
				BuildIndependentTargetsInParallel = 1;
				LastSwiftUpdateCheck = 1540;
				LastUpgradeCheck = 1540;
				TargetAttributes = {
					46A40D582C88743F0033E6E3 = {
						CreatedOnToolsVersion = 15.4;
					};
					46A40D682C8874400033E6E3 = {
						CreatedOnToolsVersion = 15.4;
						TestTargetID = 46A40D582C88743F0033E6E3;
					};
					46A40D722C8874400033E6E3 = {
						CreatedOnToolsVersion = 15.4;
						TestTargetID = 46A40D582C88743F0033E6E3;
					};
				};
			};
			buildConfigurationList = 46A40D542C88743F0033E6E3 /* Build configuration list for PBXProject "Locale" */;
			compatibilityVersion = "Xcode 14.0";
			developmentRegion = en;
			hasScannedForEncodings = 0;
			knownRegions = (
				en,
				Base,
			);
			mainGroup = 46A40D502C88743F0033E6E3;
			packageReferences = (
				460574042C93110A00C99EB0 /* XCRemoteSwiftPackageReference "firebase-ios-sdk" */,
			);
			productRefGroup = 46A40D5A2C88743F0033E6E3 /* Products */;
			projectDirPath = "";
			projectRoot = "";
			targets = (
				46A40D582C88743F0033E6E3 /* Locale */,
				46A40D682C8874400033E6E3 /* LocaleTests */,
				46A40D722C8874400033E6E3 /* LocaleUITests */,
			);
		};
/* End PBXProject section */

/* Begin PBXResourcesBuildPhase section */
		46A40D572C88743F0033E6E3 /* Resources */ = {
			isa = PBXResourcesBuildPhase;
			buildActionMask = 2147483647;
			files = (
				46A40D642C8874400033E6E3 /* Preview Assets.xcassets in Resources */,
				46A40D612C8874400033E6E3 /* Assets.xcassets in Resources */,
				46F48D8A2C944C6E00D45137 /* GoogleService-Info.plist in Resources */,
			);
			runOnlyForDeploymentPostprocessing = 0;
		};
		46A40D672C8874400033E6E3 /* Resources */ = {
			isa = PBXResourcesBuildPhase;
			buildActionMask = 2147483647;
			files = (
			);
			runOnlyForDeploymentPostprocessing = 0;
		};
		46A40D712C8874400033E6E3 /* Resources */ = {
			isa = PBXResourcesBuildPhase;
			buildActionMask = 2147483647;
			files = (
			);
			runOnlyForDeploymentPostprocessing = 0;
		};
/* End PBXResourcesBuildPhase section */

/* Begin PBXSourcesBuildPhase section */
		46A40D552C88743F0033E6E3 /* Sources */ = {
			isa = PBXSourcesBuildPhase;
			buildActionMask = 2147483647;
			files = (
				46C186732C91B6ED00D07114 /* HomeView.swift in Sources */,
				464108D22C9ADFA800A0AE9E /* ChatMessage.swift in Sources */,
				464108D42C9AE03B00A0AE9E /* FirebaseConstants.swift in Sources */,
				4669908E2C9DDFD6007C71AF /* RecentMessage.swift in Sources */,
				46F48D912C94682C00D45137 /* LoginView.swift in Sources */,
				46FCFABC2C964114004B3B3A /* FirebaseService.swift in Sources */,
				46CDF76D2C9753750059E5CC /* CreateNewMessageView.swift in Sources */,
				46CDF7712C97855A0059E5CC /* ChatView.swift in Sources */,
				46C186712C91ADC300D07114 /* MainMessagesView.swift in Sources */,
				46F48D8E2C945FFC00D45137 /* AuthViewModel.swift in Sources */,
				46CDF76F2C9755500059E5CC /* NewMessageViewModel.swift in Sources */,
				4647133D2C94EFEC003FA828 /* RootView.swift in Sources */,
				46A40D5D2C88743F0033E6E3 /* LocaleApp.swift in Sources */,
				464108D62C9AF61C00A0AE9E /* MessageView.swift in Sources */,
				460574032C9310D300C99EB0 /* MainMessagesViewModel.swift in Sources */,
				46F48D952C947C3D00D45137 /* InputView.swift in Sources */,
				46F48D932C94684100D45137 /* CreateAccountView.swift in Sources */,
				462E6D022C984956004DB1B2 /* ChatViewModel.swift in Sources */,
				4605740E2C9313DB00C99EB0 /* ChatUser.swift in Sources */,
			);
			runOnlyForDeploymentPostprocessing = 0;
		};
		46A40D652C8874400033E6E3 /* Sources */ = {
			isa = PBXSourcesBuildPhase;
			buildActionMask = 2147483647;
			files = (
				46A40D6E2C8874400033E6E3 /* LocaleTests.swift in Sources */,
			);
			runOnlyForDeploymentPostprocessing = 0;
		};
		46A40D6F2C8874400033E6E3 /* Sources */ = {
			isa = PBXSourcesBuildPhase;
			buildActionMask = 2147483647;
			files = (
				46A40D7A2C8874400033E6E3 /* LocaleUITestsLaunchTests.swift in Sources */,
				46A40D782C8874400033E6E3 /* LocaleUITests.swift in Sources */,
			);
			runOnlyForDeploymentPostprocessing = 0;
		};
/* End PBXSourcesBuildPhase section */

/* Begin PBXTargetDependency section */
		46A40D6B2C8874400033E6E3 /* PBXTargetDependency */ = {
			isa = PBXTargetDependency;
			target = 46A40D582C88743F0033E6E3 /* Locale */;
			targetProxy = 46A40D6A2C8874400033E6E3 /* PBXContainerItemProxy */;
		};
		46A40D752C8874400033E6E3 /* PBXTargetDependency */ = {
			isa = PBXTargetDependency;
			target = 46A40D582C88743F0033E6E3 /* Locale */;
			targetProxy = 46A40D742C8874400033E6E3 /* PBXContainerItemProxy */;
		};
/* End PBXTargetDependency section */

/* Begin XCBuildConfiguration section */
		46A40D7B2C8874400033E6E3 /* Debug */ = {
			isa = XCBuildConfiguration;
			buildSettings = {
				ALWAYS_SEARCH_USER_PATHS = NO;
				ASSETCATALOG_COMPILER_GENERATE_SWIFT_ASSET_SYMBOL_EXTENSIONS = YES;
				CLANG_ANALYZER_NONNULL = YES;
				CLANG_ANALYZER_NUMBER_OBJECT_CONVERSION = YES_AGGRESSIVE;
				CLANG_CXX_LANGUAGE_STANDARD = "gnu++20";
				CLANG_ENABLE_MODULES = YES;
				CLANG_ENABLE_OBJC_ARC = YES;
				CLANG_ENABLE_OBJC_WEAK = YES;
				CLANG_WARN_BLOCK_CAPTURE_AUTORELEASING = YES;
				CLANG_WARN_BOOL_CONVERSION = YES;
				CLANG_WARN_COMMA = YES;
				CLANG_WARN_CONSTANT_CONVERSION = YES;
				CLANG_WARN_DEPRECATED_OBJC_IMPLEMENTATIONS = YES;
				CLANG_WARN_DIRECT_OBJC_ISA_USAGE = YES_ERROR;
				CLANG_WARN_DOCUMENTATION_COMMENTS = YES;
				CLANG_WARN_EMPTY_BODY = YES;
				CLANG_WARN_ENUM_CONVERSION = YES;
				CLANG_WARN_INFINITE_RECURSION = YES;
				CLANG_WARN_INT_CONVERSION = YES;
				CLANG_WARN_NON_LITERAL_NULL_CONVERSION = YES;
				CLANG_WARN_OBJC_IMPLICIT_RETAIN_SELF = YES;
				CLANG_WARN_OBJC_LITERAL_CONVERSION = YES;
				CLANG_WARN_OBJC_ROOT_CLASS = YES_ERROR;
				CLANG_WARN_QUOTED_INCLUDE_IN_FRAMEWORK_HEADER = YES;
				CLANG_WARN_RANGE_LOOP_ANALYSIS = YES;
				CLANG_WARN_STRICT_PROTOTYPES = YES;
				CLANG_WARN_SUSPICIOUS_MOVE = YES;
				CLANG_WARN_UNGUARDED_AVAILABILITY = YES_AGGRESSIVE;
				CLANG_WARN_UNREACHABLE_CODE = YES;
				CLANG_WARN__DUPLICATE_METHOD_MATCH = YES;
				COPY_PHASE_STRIP = NO;
				DEBUG_INFORMATION_FORMAT = dwarf;
				ENABLE_STRICT_OBJC_MSGSEND = YES;
				ENABLE_TESTABILITY = YES;
				ENABLE_USER_SCRIPT_SANDBOXING = YES;
				GCC_C_LANGUAGE_STANDARD = gnu17;
				GCC_DYNAMIC_NO_PIC = NO;
				GCC_NO_COMMON_BLOCKS = YES;
				GCC_OPTIMIZATION_LEVEL = 0;
				GCC_PREPROCESSOR_DEFINITIONS = (
					"DEBUG=1",
					"$(inherited)",
				);
				GCC_WARN_64_TO_32_BIT_CONVERSION = YES;
				GCC_WARN_ABOUT_RETURN_TYPE = YES_ERROR;
				GCC_WARN_UNDECLARED_SELECTOR = YES;
				GCC_WARN_UNINITIALIZED_AUTOS = YES_AGGRESSIVE;
				GCC_WARN_UNUSED_FUNCTION = YES;
				GCC_WARN_UNUSED_VARIABLE = YES;
				IPHONEOS_DEPLOYMENT_TARGET = 17.5;
				LOCALIZATION_PREFERS_STRING_CATALOGS = YES;
				MTL_ENABLE_DEBUG_INFO = INCLUDE_SOURCE;
				MTL_FAST_MATH = YES;
				ONLY_ACTIVE_ARCH = YES;
				SDKROOT = iphoneos;
				SWIFT_ACTIVE_COMPILATION_CONDITIONS = "DEBUG $(inherited)";
				SWIFT_OPTIMIZATION_LEVEL = "-Onone";
			};
			name = Debug;
		};
		46A40D7C2C8874400033E6E3 /* Release */ = {
			isa = XCBuildConfiguration;
			buildSettings = {
				ALWAYS_SEARCH_USER_PATHS = NO;
				ASSETCATALOG_COMPILER_GENERATE_SWIFT_ASSET_SYMBOL_EXTENSIONS = YES;
				CLANG_ANALYZER_NONNULL = YES;
				CLANG_ANALYZER_NUMBER_OBJECT_CONVERSION = YES_AGGRESSIVE;
				CLANG_CXX_LANGUAGE_STANDARD = "gnu++20";
				CLANG_ENABLE_MODULES = YES;
				CLANG_ENABLE_OBJC_ARC = YES;
				CLANG_ENABLE_OBJC_WEAK = YES;
				CLANG_WARN_BLOCK_CAPTURE_AUTORELEASING = YES;
				CLANG_WARN_BOOL_CONVERSION = YES;
				CLANG_WARN_COMMA = YES;
				CLANG_WARN_CONSTANT_CONVERSION = YES;
				CLANG_WARN_DEPRECATED_OBJC_IMPLEMENTATIONS = YES;
				CLANG_WARN_DIRECT_OBJC_ISA_USAGE = YES_ERROR;
				CLANG_WARN_DOCUMENTATION_COMMENTS = YES;
				CLANG_WARN_EMPTY_BODY = YES;
				CLANG_WARN_ENUM_CONVERSION = YES;
				CLANG_WARN_INFINITE_RECURSION = YES;
				CLANG_WARN_INT_CONVERSION = YES;
				CLANG_WARN_NON_LITERAL_NULL_CONVERSION = YES;
				CLANG_WARN_OBJC_IMPLICIT_RETAIN_SELF = YES;
				CLANG_WARN_OBJC_LITERAL_CONVERSION = YES;
				CLANG_WARN_OBJC_ROOT_CLASS = YES_ERROR;
				CLANG_WARN_QUOTED_INCLUDE_IN_FRAMEWORK_HEADER = YES;
				CLANG_WARN_RANGE_LOOP_ANALYSIS = YES;
				CLANG_WARN_STRICT_PROTOTYPES = YES;
				CLANG_WARN_SUSPICIOUS_MOVE = YES;
				CLANG_WARN_UNGUARDED_AVAILABILITY = YES_AGGRESSIVE;
				CLANG_WARN_UNREACHABLE_CODE = YES;
				CLANG_WARN__DUPLICATE_METHOD_MATCH = YES;
				COPY_PHASE_STRIP = NO;
				DEBUG_INFORMATION_FORMAT = "dwarf-with-dsym";
				ENABLE_NS_ASSERTIONS = NO;
				ENABLE_STRICT_OBJC_MSGSEND = YES;
				ENABLE_USER_SCRIPT_SANDBOXING = YES;
				GCC_C_LANGUAGE_STANDARD = gnu17;
				GCC_NO_COMMON_BLOCKS = YES;
				GCC_WARN_64_TO_32_BIT_CONVERSION = YES;
				GCC_WARN_ABOUT_RETURN_TYPE = YES_ERROR;
				GCC_WARN_UNDECLARED_SELECTOR = YES;
				GCC_WARN_UNINITIALIZED_AUTOS = YES_AGGRESSIVE;
				GCC_WARN_UNUSED_FUNCTION = YES;
				GCC_WARN_UNUSED_VARIABLE = YES;
				IPHONEOS_DEPLOYMENT_TARGET = 17.5;
				LOCALIZATION_PREFERS_STRING_CATALOGS = YES;
				MTL_ENABLE_DEBUG_INFO = NO;
				MTL_FAST_MATH = YES;
				SDKROOT = iphoneos;
				SWIFT_COMPILATION_MODE = wholemodule;
				VALIDATE_PRODUCT = YES;
			};
			name = Release;
		};
		46A40D7E2C8874400033E6E3 /* Debug */ = {
			isa = XCBuildConfiguration;
			buildSettings = {
				ASSETCATALOG_COMPILER_APPICON_NAME = AppIcon;
				ASSETCATALOG_COMPILER_GLOBAL_ACCENT_COLOR_NAME = AccentColor;
				CODE_SIGN_STYLE = Automatic;
				CURRENT_PROJECT_VERSION = 1;
				DEVELOPMENT_ASSET_PATHS = "\"Locale/Preview Content\"";
				DEVELOPMENT_TEAM = X458CUZL7L;
				ENABLE_PREVIEWS = YES;
				GENERATE_INFOPLIST_FILE = YES;
				INFOPLIST_KEY_UIApplicationSceneManifest_Generation = YES;
				INFOPLIST_KEY_UIApplicationSupportsIndirectInputEvents = YES;
				INFOPLIST_KEY_UILaunchScreen_Generation = YES;
				INFOPLIST_KEY_UISupportedInterfaceOrientations_iPad = "UIInterfaceOrientationPortrait UIInterfaceOrientationPortraitUpsideDown UIInterfaceOrientationLandscapeLeft UIInterfaceOrientationLandscapeRight";
				INFOPLIST_KEY_UISupportedInterfaceOrientations_iPhone = "UIInterfaceOrientationPortrait UIInterfaceOrientationLandscapeLeft UIInterfaceOrientationLandscapeRight";
				LD_RUNPATH_SEARCH_PATHS = (
					"$(inherited)",
					"@executable_path/Frameworks",
				);
				MARKETING_VERSION = 1.0;
				PRODUCT_BUNDLE_IDENTIFIER = io..Locale;
				PRODUCT_NAME = "$(TARGET_NAME)";
				SWIFT_EMIT_LOC_STRINGS = YES;
				SWIFT_VERSION = 5.0;
				TARGETED_DEVICE_FAMILY = "1,2";
			};
			name = Debug;
		};
		46A40D7F2C8874400033E6E3 /* Release */ = {
			isa = XCBuildConfiguration;
			buildSettings = {
				ASSETCATALOG_COMPILER_APPICON_NAME = AppIcon;
				ASSETCATALOG_COMPILER_GLOBAL_ACCENT_COLOR_NAME = AccentColor;
				CODE_SIGN_STYLE = Automatic;
				CURRENT_PROJECT_VERSION = 1;
				DEVELOPMENT_ASSET_PATHS = "\"Locale/Preview Content\"";
				DEVELOPMENT_TEAM = X458CUZL7L;
				ENABLE_PREVIEWS = YES;
				GENERATE_INFOPLIST_FILE = YES;
				INFOPLIST_KEY_UIApplicationSceneManifest_Generation = YES;
				INFOPLIST_KEY_UIApplicationSupportsIndirectInputEvents = YES;
				INFOPLIST_KEY_UILaunchScreen_Generation = YES;
				INFOPLIST_KEY_UISupportedInterfaceOrientations_iPad = "UIInterfaceOrientationPortrait UIInterfaceOrientationPortraitUpsideDown UIInterfaceOrientationLandscapeLeft UIInterfaceOrientationLandscapeRight";
				INFOPLIST_KEY_UISupportedInterfaceOrientations_iPhone = "UIInterfaceOrientationPortrait UIInterfaceOrientationLandscapeLeft UIInterfaceOrientationLandscapeRight";
				LD_RUNPATH_SEARCH_PATHS = (
					"$(inherited)",
					"@executable_path/Frameworks",
				);
				MARKETING_VERSION = 1.0;
				PRODUCT_BUNDLE_IDENTIFIER = io..Locale;
				PRODUCT_NAME = "$(TARGET_NAME)";
				SWIFT_EMIT_LOC_STRINGS = YES;
				SWIFT_VERSION = 5.0;
				TARGETED_DEVICE_FAMILY = "1,2";
			};
			name = Release;
		};
		46A40D812C8874400033E6E3 /* Debug */ = {
			isa = XCBuildConfiguration;
			buildSettings = {
				ALWAYS_EMBED_SWIFT_STANDARD_LIBRARIES = YES;
				BUNDLE_LOADER = "$(TEST_HOST)";
				CODE_SIGN_STYLE = Automatic;
				CURRENT_PROJECT_VERSION = 1;
				DEVELOPMENT_TEAM = X458CUZL7L;
				GENERATE_INFOPLIST_FILE = YES;
				IPHONEOS_DEPLOYMENT_TARGET = 17.5;
				MARKETING_VERSION = 1.0;
				PRODUCT_BUNDLE_IDENTIFIER = io..LocaleTests;
				PRODUCT_NAME = "$(TARGET_NAME)";
				SWIFT_EMIT_LOC_STRINGS = NO;
				SWIFT_VERSION = 5.0;
				TARGETED_DEVICE_FAMILY = "1,2";
				TEST_HOST = "$(BUILT_PRODUCTS_DIR)/Locale.app/$(BUNDLE_EXECUTABLE_FOLDER_PATH)/Locale";
			};
			name = Debug;
		};
		46A40D822C8874400033E6E3 /* Release */ = {
			isa = XCBuildConfiguration;
			buildSettings = {
				ALWAYS_EMBED_SWIFT_STANDARD_LIBRARIES = YES;
				BUNDLE_LOADER = "$(TEST_HOST)";
				CODE_SIGN_STYLE = Automatic;
				CURRENT_PROJECT_VERSION = 1;
				DEVELOPMENT_TEAM = X458CUZL7L;
				GENERATE_INFOPLIST_FILE = YES;
				IPHONEOS_DEPLOYMENT_TARGET = 17.5;
				MARKETING_VERSION = 1.0;
				PRODUCT_BUNDLE_IDENTIFIER = io..LocaleTests;
				PRODUCT_NAME = "$(TARGET_NAME)";
				SWIFT_EMIT_LOC_STRINGS = NO;
				SWIFT_VERSION = 5.0;
				TARGETED_DEVICE_FAMILY = "1,2";
				TEST_HOST = "$(BUILT_PRODUCTS_DIR)/Locale.app/$(BUNDLE_EXECUTABLE_FOLDER_PATH)/Locale";
			};
			name = Release;
		};
		46A40D842C8874400033E6E3 /* Debug */ = {
			isa = XCBuildConfiguration;
			buildSettings = {
				ALWAYS_EMBED_SWIFT_STANDARD_LIBRARIES = YES;
				CODE_SIGN_STYLE = Automatic;
				CURRENT_PROJECT_VERSION = 1;
				DEVELOPMENT_TEAM = X458CUZL7L;
				GENERATE_INFOPLIST_FILE = YES;
				MARKETING_VERSION = 1.0;
				PRODUCT_BUNDLE_IDENTIFIER = io..LocaleUITests;
				PRODUCT_NAME = "$(TARGET_NAME)";
				SWIFT_EMIT_LOC_STRINGS = NO;
				SWIFT_VERSION = 5.0;
				TARGETED_DEVICE_FAMILY = "1,2";
				TEST_TARGET_NAME = Locale;
			};
			name = Debug;
		};
		46A40D852C8874400033E6E3 /* Release */ = {
			isa = XCBuildConfiguration;
			buildSettings = {
				ALWAYS_EMBED_SWIFT_STANDARD_LIBRARIES = YES;
				CODE_SIGN_STYLE = Automatic;
				CURRENT_PROJECT_VERSION = 1;
				DEVELOPMENT_TEAM = X458CUZL7L;
				GENERATE_INFOPLIST_FILE = YES;
				MARKETING_VERSION = 1.0;
				PRODUCT_BUNDLE_IDENTIFIER = io..LocaleUITests;
				PRODUCT_NAME = "$(TARGET_NAME)";
				SWIFT_EMIT_LOC_STRINGS = NO;
				SWIFT_VERSION = 5.0;
				TARGETED_DEVICE_FAMILY = "1,2";
				TEST_TARGET_NAME = Locale;
			};
			name = Release;
		};
/* End XCBuildConfiguration section */

/* Begin XCConfigurationList section */
		46A40D542C88743F0033E6E3 /* Build configuration list for PBXProject "Locale" */ = {
			isa = XCConfigurationList;
			buildConfigurations = (
				46A40D7B2C8874400033E6E3 /* Debug */,
				46A40D7C2C8874400033E6E3 /* Release */,
			);
			defaultConfigurationIsVisible = 0;
			defaultConfigurationName = Release;
		};
		46A40D7D2C8874400033E6E3 /* Build configuration list for PBXNativeTarget "Locale" */ = {
			isa = XCConfigurationList;
			buildConfigurations = (
				46A40D7E2C8874400033E6E3 /* Debug */,
				46A40D7F2C8874400033E6E3 /* Release */,
			);
			defaultConfigurationIsVisible = 0;
			defaultConfigurationName = Release;
		};
		46A40D802C8874400033E6E3 /* Build configuration list for PBXNativeTarget "LocaleTests" */ = {
			isa = XCConfigurationList;
			buildConfigurations = (
				46A40D812C8874400033E6E3 /* Debug */,
				46A40D822C8874400033E6E3 /* Release */,
			);
			defaultConfigurationIsVisible = 0;
			defaultConfigurationName = Release;
		};
		46A40D832C8874400033E6E3 /* Build configuration list for PBXNativeTarget "LocaleUITests" */ = {
			isa = XCConfigurationList;
			buildConfigurations = (
				46A40D842C8874400033E6E3 /* Debug */,
				46A40D852C8874400033E6E3 /* Release */,
			);
			defaultConfigurationIsVisible = 0;
			defaultConfigurationName = Release;
		};
/* End XCConfigurationList section */

/* Begin XCRemoteSwiftPackageReference section */
		460574042C93110A00C99EB0 /* XCRemoteSwiftPackageReference "firebase-ios-sdk" */ = {
			isa = XCRemoteSwiftPackageReference;
			repositoryURL = "https://github.com/firebase/firebase-ios-sdk";
			requirement = {
				kind = upToNextMajorVersion;
				minimumVersion = 11.2.0;
			};
		};
/* End XCRemoteSwiftPackageReference section */

/* Begin XCSwiftPackageProductDependency section */
		460574062C93111F00C99EB0 /* FirebaseAuth */ = {
			isa = XCSwiftPackageProductDependency;
			package = 460574042C93110A00C99EB0 /* XCRemoteSwiftPackageReference "firebase-ios-sdk" */;
			productName = FirebaseAuth;
		};
		460574082C93112A00C99EB0 /* FirebaseFirestore */ = {
			isa = XCSwiftPackageProductDependency;
			package = 460574042C93110A00C99EB0 /* XCRemoteSwiftPackageReference "firebase-ios-sdk" */;
			productName = FirebaseFirestore;
		};
		4605740A2C93113900C99EB0 /* FirebaseStorage */ = {
			isa = XCSwiftPackageProductDependency;
			package = 460574042C93110A00C99EB0 /* XCRemoteSwiftPackageReference "firebase-ios-sdk" */;
			productName = FirebaseStorage;
		};
/* End XCSwiftPackageProductDependency section */
	};
	rootObject = 46A40D512C88743F0033E6E3 /* Project object */;
}
